
Microsoft Visual Studio Solution File, Format Version 12.00
# Visual Studio Version 17
VisualStudioVersion = 17.4.33205.214
MinimumVisualStudioVersion = 10.0.40219.1
Project("{8BC9CEB8-8B4A-11D0-8D11-00A0C91BC942}") = "L2N20", "L2N20\L2N20.vcxproj", "{A3DF2F4D-DB9C-42DB-A344-591D6DA9147D}"
EndProject
Global
	GlobalSection(SolutionConfigurationPlatforms) = preSolution
		Debug|x64 = Debug|x64
		Debug|x86 = Debug|x86
		Release|x64 = Release|x64
		Release|x86 = Release|x86
	EndGlobalSection
	GlobalSection(ProjectConfigurationPlatforms) = postSolution
		{A3DF2F4D-DB9C-42DB-A344-591D6DA9147D}.Debug|x64.ActiveCfg = Debug|x64
		{A3DF2F4D-DB9C-42DB-A344-591D6DA9147D}.Debug|x64.Build.0 = Debug|x64
		{A3DF2F4D-DB9C-42DB-A344-591D6DA9147D}.Debug|x86.ActiveCfg = Debug|Win32
		{A3DF2F4D-DB9C-42DB-A344-591D6DA9147D}.Debug|x86.Build.0 = Debug|Win32
		{A3DF2F4D-DB9C-42DB-A344-591D6DA9147D}.Release|x64.ActiveCfg = Release|x64
		{A3DF2F4D-DB9C-42DB-A344-591D6DA9147D}.Release|x64.Build.0 = Release|x64
		{A3DF2F4D-DB9C-42DB-A344-591D6DA9147D}.Release|x86.ActiveCfg = Release|Win32
		{A3DF2F4D-DB9C-42DB-A344-591D6DA9147D}.Release|x86.Build.0 = Release|Win32
	EndGlobalSection
	GlobalSection(SolutionProperties) = preSolution
		HideSolutionNode = FALSE
	EndGlobalSection
	GlobalSection(ExtensibilityGlobals) = postSolution
		SolutionGuid = {24F88F39-2A14-4E53-8DBB-AB0F746AD132}
	EndGlobalSection
EndGlobal
